
Microsoft Visual Studio Solution File, Format Version 12.00
# Visual Studio 14
VisualStudioVersion = 14.0.25123.0
MinimumVisualStudioVersion = 10.0.40219.1
Project("{FAE04EC0-301F-11D3-BF4B-00C04F79EFBC}") = "SuperSimpleStocks", "SuperSimpleStocks\SuperSimpleStocks.csproj", "{AD0FB88A-86BC-481E-8A75-0FD884744226}"
EndProject
Project("{FAE04EC0-301F-11D3-BF4B-00C04F79EFBC}") = "SuperSimpleStocks.Tests", "SuperSimpleStocks.Tests\SuperSimpleStocks.Tests.csproj", "{4D1B10D9-FC01-406E-8429-3196DE86E15B}"
EndProject
Global
	GlobalSection(SolutionConfigurationPlatforms) = preSolution
		Debug|Any CPU = Debug|Any CPU
		Release|Any CPU = Release|Any CPU
	EndGlobalSection
	GlobalSection(ProjectConfigurationPlatforms) = postSolution
		{AD0FB88A-86BC-481E-8A75-0FD884744226}.Debug|Any CPU.ActiveCfg = Debug|Any CPU
		{AD0FB88A-86BC-481E-8A75-0FD884744226}.Debug|Any CPU.Build.0 = Debug|Any CPU
		{AD0FB88A-86BC-481E-8A75-0FD884744226}.Release|Any CPU.ActiveCfg = Release|Any CPU
		{AD0FB88A-86BC-481E-8A75-0FD884744226}.Release|Any CPU.Build.0 = Release|Any CPU
		{4D1B10D9-FC01-406E-8429-3196DE86E15B}.Debug|Any CPU.ActiveCfg = Debug|Any CPU
		{4D1B10D9-FC01-406E-8429-3196DE86E15B}.Debug|Any CPU.Build.0 = Debug|Any CPU
		{4D1B10D9-FC01-406E-8429-3196DE86E15B}.Release|Any CPU.ActiveCfg = Release|Any CPU
		{4D1B10D9-FC01-406E-8429-3196DE86E15B}.Release|Any CPU.Build.0 = Release|Any CPU
	EndGlobalSection
	GlobalSection(SolutionProperties) = preSolution
		HideSolutionNode = FALSE
	EndGlobalSection
EndGlobal
